
Microsoft Visual Studio Solution File, Format Version 12.00
# Visual Studio Version 16
VisualStudioVersion = 16.0.31112.23
MinimumVisualStudioVersion = 10.0.40219.1
Project("{FAE04EC0-301F-11D3-BF4B-00C04F79EFBC}") = "Proiect", "Proiect.csproj", "{B7A7782D-D113-413E-BC42-448D85EFDC71}"
EndProject
Global
	GlobalSection(SolutionConfigurationPlatforms) = preSolution
		Debug|Any CPU = Debug|Any CPU
		Release|Any CPU = Release|Any CPU
	EndGlobalSection
	GlobalSection(ProjectConfigurationPlatforms) = postSolution
		{B7A7782D-D113-413E-BC42-448D85EFDC71}.Debug|Any CPU.ActiveCfg = Debug|Any CPU
		{B7A7782D-D113-413E-BC42-448D85EFDC71}.Debug|Any CPU.Build.0 = Debug|Any CPU
		{B7A7782D-D113-413E-BC42-448D85EFDC71}.Release|Any CPU.ActiveCfg = Release|Any CPU
		{B7A7782D-D113-413E-BC42-448D85EFDC71}.Release|Any CPU.Build.0 = Release|Any CPU
	EndGlobalSection
	GlobalSection(SolutionProperties) = preSolution
		HideSolutionNode = FALSE
	EndGlobalSection
	GlobalSection(ExtensibilityGlobals) = postSolution
		SolutionGuid = {2CA4BC16-93EE-43B5-9F7F-7929AF2FC9DA}
	EndGlobalSection
EndGlobal
